{
  "nodes": {
    "fenix": {
      "inputs": {
        "nixpkgs": [
          "nixpkgs"
        ],
        "rust-analyzer-src": "rust-analyzer-src"
      },
      "locked": {
        "lastModified": 1655533500,
        "narHash": "sha256-qJJmLVoMYfDLywI9MNL7sb0W/GsKQF9HDatdHm1tSl0=",
        "owner": "nix-community",
        "repo": "fenix",
        "rev": "b6630603af13df17d0dd4df8629e9a24e6ba0fbd",
        "type": "github"
      },
      "original": {
        "owner": "nix-community",
        "repo": "fenix",
        "type": "github"
      }
    },
    "naersk": {
      "inputs": {
        "nixpkgs": [
          "nixpkgs"
        ]
      },
      "locked": {
        "lastModified": 1655042882,
        "narHash": "sha256-9BX8Fuez5YJlN7cdPO63InoyBy7dm3VlJkkmTt6fS1A=",
        "owner": "nix-community",
        "repo": "naersk",
        "rev": "cddffb5aa211f50c4b8750adbec0bbbdfb26bb9f",
        "type": "github"
      },
      "original": {
        "owner": "nix-community",
        "repo": "naersk",
        "type": "github"
      }
    },
    "nixpkgs": {
      "locked": {
        "lastModified": 1655456688,
        "narHash": "sha256-j2trI5gv2fnHdfUQFBy957avCPxxzCqE8R+TOYHPSRE=",
        "owner": "NixOS",
        "repo": "nixpkgs",
        "rev": "d17a56d90ecbd1b8fc908d49598fb854ef188461",
        "type": "github"
      },
      "original": {
        "id": "nixpkgs",
        "ref": "nixos-22.05",
        "type": "indirect"
      }
    },
    "openocd": {
      "flake": false,
      "locked": {
        "lastModified": 1615113409,
        "narHash": "sha256-Up/qS2bj17fsuILvi4ivWx5jmnot4/qcv8LHJK9HhlM=",
        "ref": "v0.11.0",
        "rev": "f342aac0845a69d591ad39a025d74e9c765f6420",
        "shallow": true,
        "submodules": true,
        "type": "git",
        "url": "git://git.code.sf.net/p/openocd/code"
      },
      "original": {
        "ref": "v0.11.0",
        "rev": "f342aac0845a69d591ad39a025d74e9c765f6420",
        "shallow": true,
        "submodules": true,
        "type": "git",
        "url": "git://git.code.sf.net/p/openocd/code"
      }
    },
    "root": {
      "inputs": {
        "fenix": "fenix",
        "naersk": "naersk",
        "nixpkgs": "nixpkgs",
        "openocd": "openocd",
        "utils": "utils"
      }
    },
    "rust-analyzer-src": {
      "flake": false,
      "locked": {
        "lastModified": 1655507737,
        "narHash": "sha256-o+AqNsjL6o2RHh4InZHQVpkmqg570YFJL4Db8mKq+fs=",
        "owner": "rust-lang",
        "repo": "rust-analyzer",
        "rev": "12dd81092e37df28b7a3591cae9675e668927198",
        "type": "github"
      },
      "original": {
        "owner": "rust-lang",
        "ref": "nightly",
        "repo": "rust-analyzer",
        "type": "github"
      }
    },
    "utils": {
      "locked": {
        "lastModified": 1653893745,
        "narHash": "sha256-0jntwV3Z8//YwuOjzhV2sgJJPt+HY6KhU7VZUL0fKZQ=",
        "owner": "numtide",
        "repo": "flake-utils",
        "rev": "1ed9fb1935d260de5fe1c2f7ee0ebaae17ed2fa1",
        "type": "github"
      },
      "original": {
        "owner": "numtide",
        "repo": "flake-utils",
        "type": "github"
      }
    }
  },
  "root": "root",
  "version": 7
}
